# THIS IS AN AUTOGENERATED FILE. DO NOT EDIT THIS FILE DIRECTLY.
# yarn lockfile v1


"@popperjs/core@^2.9.0":
  version "2.11.8"
  resolved "https://registry.npmjs.org/@popperjs/core/-/core-2.11.8.tgz"
  integrity sha512-P1st0aksCrn9sGZhp8GMYwBnQsbvAWsZAX44oXNNvLHGqAOcoVxmjZiohstwQ7SqKnbR47akdNi+uleWD8+g6A==

"@remirror/core-constants@^2.0.2":
  version "2.0.2"
  resolved "https://registry.npmjs.org/@remirror/core-constants/-/core-constants-2.0.2.tgz"
  integrity sha512-dyHY+sMF0ihPus3O27ODd4+agdHMEmuRdyiZJ2CCWjPV5UFmn17ZbElvk6WOGVE4rdCJKZQCrPV2BcikOMLUGQ==

"@remirror/core-helpers@^3.0.0":
  version "3.0.0"
  resolved "https://registry.npmjs.org/@remirror/core-helpers/-/core-helpers-3.0.0.tgz"
  integrity sha512-tusEgQJIqg4qKj6HSBUFcyRnWnziw3neh4T9wOmsPGHFC3w9kl5KSrDb9UAgE8uX6y32FnS7vJ955mWOl3n50A==
  dependencies:
    "@remirror/core-constants" "^2.0.2"
    "@remirror/types" "^1.0.1"
    "@types/object.omit" "^3.0.0"
    "@types/object.pick" "^1.3.2"
    "@types/throttle-debounce" "^2.1.0"
    case-anything "^2.1.13"
    dash-get "^1.0.2"
    deepmerge "^4.3.1"
    fast-deep-equal "^3.1.3"
    make-error "^1.3.6"
    object.omit "^3.0.0"
    object.pick "^1.3.0"
    throttle-debounce "^3.0.1"

"@remirror/types@^1.0.1":
  version "1.0.1"
  resolved "https://registry.npmjs.org/@remirror/types/-/types-1.0.1.tgz"
  integrity sha512-VlZQxwGnt1jtQ18D6JqdIF+uFZo525WEqrfp9BOc3COPpK4+AWCgdnAWL+ho6imWcoINlGjR/+3b6y5C1vBVEA==
  dependencies:
    type-fest "^2.19.0"

"@tiptap/core@^2.0.0", "@tiptap/core@^2.1.13":
  version "2.1.13"
  resolved "https://registry.npmjs.org/@tiptap/core/-/core-2.1.13.tgz"
  integrity sha512-cMC8bgTN63dj1Mv82iDeeLl6sa9kY0Pug8LSalxVEptRmyFVsVxGgu2/6Y3T+9aCYScxfS06EkA8SdzFMAwYTQ==

"@tiptap/extension-blockquote@^2.1.13":
  version "2.1.13"
  resolved "https://registry.npmjs.org/@tiptap/extension-blockquote/-/extension-blockquote-2.1.13.tgz"
  integrity sha512-oe6wSQACmODugoP9XH3Ouffjy4BsOBWfTC+dETHNCG6ZED6ShHN3CB9Vr7EwwRgmm2WLaKAjMO1sVumwH+Z1rg==

"@tiptap/extension-bold@^2.1.13":
  version "2.1.13"
  resolved "https://registry.npmjs.org/@tiptap/extension-bold/-/extension-bold-2.1.13.tgz"
  integrity sha512-6cHsQTh/rUiG4jkbJer3vk7g60I5tBwEBSGpdxmEHh83RsvevD8+n92PjA24hYYte5RNlATB011E1wu8PVhSvw==

"@tiptap/extension-bubble-menu@^2.1.13":
  version "2.1.13"
  resolved "https://registry.npmjs.org/@tiptap/extension-bubble-menu/-/extension-bubble-menu-2.1.13.tgz"
  integrity sha512-Hm7e1GX3AI6lfaUmr6WqsS9MMyXIzCkhh+VQi6K8jj4Q4s8kY4KPoAyD/c3v9pZ/dieUtm2TfqrOCkbHzsJQBg==
  dependencies:
    tippy.js "^6.3.7"

"@tiptap/extension-bullet-list@^2.1.13":
  version "2.1.13"
  resolved "https://registry.npmjs.org/@tiptap/extension-bullet-list/-/extension-bullet-list-2.1.13.tgz"
  integrity sha512-NkWlQ5bLPUlcROj6G/d4oqAxMf3j3wfndGOPp0z8OoXJtVbVoXl/aMSlLbVgE6n8r6CS8MYxKhXNxrb7Ll2foA==

"@tiptap/extension-code-block@^2.1.13":
  version "2.1.13"
  resolved "https://registry.npmjs.org/@tiptap/extension-code-block/-/extension-code-block-2.1.13.tgz"
  integrity sha512-E3tweNExPOV+t1ODKX0MDVsS0aeHGWc1ECt+uyp6XwzsN0bdF2A5+pttQqM7sTcMnQkVACGFbn9wDeLRRcfyQg==

"@tiptap/extension-code@^2.1.13":
  version "2.1.13"
  resolved "https://registry.npmjs.org/@tiptap/extension-code/-/extension-code-2.1.13.tgz"
  integrity sha512-f5fLYlSgliVVa44vd7lQGvo49+peC+Z2H0Fn84TKNCH7tkNZzouoJsHYn0/enLaQ9Sq+24YPfqulfiwlxyiT8w==

"@tiptap/extension-document@^2.1.13":
  version "2.1.13"
  resolved "https://registry.npmjs.org/@tiptap/extension-document/-/extension-document-2.1.13.tgz"
  integrity sha512-wLwiTWsVmZTGIE5duTcHRmW4ulVxNW4nmgfpk95+mPn1iKyNGtrVhGWleLhBlTj+DWXDtcfNWZgqZkZNzhkqYQ==

"@tiptap/extension-dropcursor@^2.1.13":
  version "2.1.13"
  resolved "https://registry.npmjs.org/@tiptap/extension-dropcursor/-/extension-dropcursor-2.1.13.tgz"
  integrity sha512-NAyJi4BJxH7vl/2LNS1X0ndwFKjEtX+cRgshXCnMyh7qNpIRW6Plczapc/W1OiMncOEhZJfpZfkRSfwG01FWFg==

"@tiptap/extension-floating-menu@^2.1.13":
  version "2.1.13"
  resolved "https://registry.npmjs.org/@tiptap/extension-floating-menu/-/extension-floating-menu-2.1.13.tgz"
  integrity sha512-9Oz7pk1Nts2+EyY+rYfnREGbLzQ5UFazAvRhF6zAJdvyuDmAYm0Jp6s0GoTrpV0/dJEISoFaNpPdMJOb9EBNRw==
  dependencies:
    tippy.js "^6.3.7"

"@tiptap/extension-gapcursor@^2.1.13":
  version "2.1.13"
  resolved "https://registry.npmjs.org/@tiptap/extension-gapcursor/-/extension-gapcursor-2.1.13.tgz"
  integrity sha512-Cl5apsoTcyPPCgE3ThufxQxZ1wyqqh+9uxUN9VF9AbeTkid6oPZvKXwaILf6AFnkSy+SuKrb9kZD2iaezxpzXw==

"@tiptap/extension-hard-break@^2.1.13":
  version "2.1.13"
  resolved "https://registry.npmjs.org/@tiptap/extension-hard-break/-/extension-hard-break-2.1.13.tgz"
  integrity sha512-TGkMzMQayuKg+vN4du0x1ahEItBLcCT1jdWeRsjdM8gHfzbPLdo4PQhVsvm1I0xaZmbJZelhnVsUwRZcIu1WNA==

"@tiptap/extension-heading@^2.1.13":
  version "2.1.13"
  resolved "https://registry.npmjs.org/@tiptap/extension-heading/-/extension-heading-2.1.13.tgz"
  integrity sha512-PEmc19QLmlVUTiHWoF0hpgNTNPNU0nlaFmMKskzO+cx5Df4xvHmv/UqoIwp7/UFbPMkfVJT1ozQU7oD1IWn9Hg==

"@tiptap/extension-highlight@^2.1.13":
  version "2.1.13"
  resolved "https://registry.npmjs.org/@tiptap/extension-highlight/-/extension-highlight-2.1.13.tgz"
  integrity sha512-ZivjJma5WwPYcG0rpnynVDGis32OGdtpTwETEb+2OOjZBCBlyYQ4tcRk5gS3nzBAjLl/Qu84VVbawLhHXB6few==

"@tiptap/extension-history@^2.1.13":
  version "2.1.13"
  resolved "https://registry.npmjs.org/@tiptap/extension-history/-/extension-history-2.1.13.tgz"
  integrity sha512-1ouitThGTBUObqw250aDwGLMNESBH5PRXIGybsCFO1bktdmWtEw7m72WY41EuX2BH8iKJpcYPerl3HfY1vmCNw==

"@tiptap/extension-horizontal-rule@^2.1.13":
  version "2.1.13"
  resolved "https://registry.npmjs.org/@tiptap/extension-horizontal-rule/-/extension-horizontal-rule-2.1.13.tgz"
  integrity sha512-7OgjgNqZXvBejgULNdMSma2M1nzv4bbZG+FT5XMFZmEOxR9IB1x/RzChjPdeicff2ZK2sfhMBc4Y9femF5XkUg==

"@tiptap/extension-italic@^2.1.13":
  version "2.1.13"
  resolved "https://registry.npmjs.org/@tiptap/extension-italic/-/extension-italic-2.1.13.tgz"
  integrity sha512-HyDJfuDn5hzwGKZiANcvgz6wcum6bEgb4wmJnfej8XanTMJatNVv63TVxCJ10dSc9KGpPVcIkg6W8/joNXIEbw==

"@tiptap/extension-link@^2.1.13":
  version "2.1.13"
  resolved "https://registry.npmjs.org/@tiptap/extension-link/-/extension-link-2.1.13.tgz"
  integrity sha512-wuGMf3zRtMHhMrKm9l6Tft5M2N21Z0UP1dZ5t1IlOAvOeYV2QZ5UynwFryxGKLO0NslCBLF/4b/HAdNXbfXWUA==
  dependencies:
    linkifyjs "^4.1.0"

"@tiptap/extension-list-item@^2.1.13":
  version "2.1.13"
  resolved "https://registry.npmjs.org/@tiptap/extension-list-item/-/extension-list-item-2.1.13.tgz"
  integrity sha512-6e8iiCWXOiJTl1XOwVW2tc0YG18h70HUtEHFCx2m5HspOGFKsFEaSS3qYxOheM9HxlmQeDt8mTtqftRjEFRxPQ==

"@tiptap/extension-mention@^2.1.13":
  version "2.1.13"
  resolved "https://registry.npmjs.org/@tiptap/extension-mention/-/extension-mention-2.1.13.tgz"
  integrity sha512-OYqaucyBiCN/CmDYjpOVX74RJcIEKmAqiZxUi8Gfaq7ryEO5a8Gk93nK+8uZ0onaqHE+mHpoLFFbcAFbOPgkUQ==

"@tiptap/extension-ordered-list@^2.1.13":
  version "2.1.13"
  resolved "https://registry.npmjs.org/@tiptap/extension-ordered-list/-/extension-ordered-list-2.1.13.tgz"
  integrity sha512-UO4ZAL5Vrr1WwER5VjgmeNIWHpqy9cnIRo1En07gZ0OWTjs1eITPcu+4TCn1ZG6DhoFvAQzE5DTxxdhIotg+qw==

"@tiptap/extension-paragraph@^2.1.13":
  version "2.1.13"
  resolved "https://registry.npmjs.org/@tiptap/extension-paragraph/-/extension-paragraph-2.1.13.tgz"
  integrity sha512-cEoZBJrsQn69FPpUMePXG/ltGXtqKISgypj70PEHXt5meKDjpmMVSY4/8cXvFYEYsI9GvIwyAK0OrfAHiSoROA==

"@tiptap/extension-placeholder@^2.1.13":
  version "2.1.13"
  resolved "https://registry.npmjs.org/@tiptap/extension-placeholder/-/extension-placeholder-2.1.13.tgz"
  integrity sha512-vIY7y7UbqsrAW/y8bDE9eRenbQEU16kNHB5Wri8RU1YiUZpkPgdXP/pLqyjIIq95SwP/vdTIHjHoQ77VLRl1hA==

"@tiptap/extension-strike@^2.1.13":
  version "2.1.13"
  resolved "https://registry.npmjs.org/@tiptap/extension-strike/-/extension-strike-2.1.13.tgz"
  integrity sha512-VN6zlaCNCbyJUCDyBFxavw19XmQ4LkCh8n20M8huNqW77lDGXA2A7UcWLHaNBpqAijBRu9mWI8l4Bftyf2fcAw==

"@tiptap/extension-text@^2.1.13":
  version "2.1.13"
  resolved "https://registry.npmjs.org/@tiptap/extension-text/-/extension-text-2.1.13.tgz"
  integrity sha512-zzsTTvu5U67a8WjImi6DrmpX2Q/onLSaj+LRWPh36A1Pz2WaxW5asZgaS+xWCnR+UrozlCALWa01r7uv69jq0w==

"@tiptap/extension-underline@^2.1.13":
  version "2.1.13"
  resolved "https://registry.npmjs.org/@tiptap/extension-underline/-/extension-underline-2.1.13.tgz"
  integrity sha512-z0CNKPjcvU8TrUSTui1voM7owssyXE9WvEGhIZMHzWwlx2ZXY2/L5+Hh33X/LzSKB9OGf/g1HAuHxrPcYxFuAQ==

"@tiptap/pm@^2.0.0", "@tiptap/pm@^2.1.13":
  version "2.1.13"
  resolved "https://registry.npmjs.org/@tiptap/pm/-/pm-2.1.13.tgz"
  integrity sha512-zNbA7muWsHuVg12GrTgN/j119rLePPq5M8dZgkKxUwdw8VmU3eUyBp1SihPEXJ2U0MGdZhNhFX7Y74g11u66sg==
  dependencies:
    prosemirror-changeset "^2.2.0"
    prosemirror-collab "^1.3.0"
    prosemirror-commands "^1.3.1"
    prosemirror-dropcursor "^1.5.0"
    prosemirror-gapcursor "^1.3.1"
    prosemirror-history "^1.3.0"
    prosemirror-inputrules "^1.2.0"
    prosemirror-keymap "^1.2.0"
    prosemirror-markdown "^1.10.1"
    prosemirror-menu "^1.2.1"
    prosemirror-model "^1.18.1"
    prosemirror-schema-basic "^1.2.0"
    prosemirror-schema-list "^1.2.2"
    prosemirror-state "^1.4.1"
    prosemirror-tables "^1.3.0"
    prosemirror-trailing-node "^2.0.2"
    prosemirror-transform "^1.7.0"
    prosemirror-view "^1.28.2"

"@tiptap/react@^2.1.13":
  version "2.1.13"
  resolved "https://registry.npmjs.org/@tiptap/react/-/react-2.1.13.tgz"
  integrity sha512-Dq3f8EtJnpImP3iDtJo+7bulnN9SJZRZcVVzxHXccLcC2MxtmDdlPGZjP+wxO800nd8toSIOd5734fPNf/YcfA==
  dependencies:
    "@tiptap/extension-bubble-menu" "^2.1.13"
    "@tiptap/extension-floating-menu" "^2.1.13"

"@tiptap/starter-kit@^2.1.13":
  version "2.1.13"
  resolved "https://registry.npmjs.org/@tiptap/starter-kit/-/starter-kit-2.1.13.tgz"
  integrity sha512-ph/mUR/OwPtPkZ5rNHINxubpABn8fHnvJSdhXFrY/q6SKoaO11NZXgegRaiG4aL7O6Sz4LsZVw6Sm0Ae+GJmrg==
  dependencies:
    "@tiptap/core" "^2.1.13"
    "@tiptap/extension-blockquote" "^2.1.13"
    "@tiptap/extension-bold" "^2.1.13"
    "@tiptap/extension-bullet-list" "^2.1.13"
    "@tiptap/extension-code" "^2.1.13"
    "@tiptap/extension-code-block" "^2.1.13"
    "@tiptap/extension-document" "^2.1.13"
    "@tiptap/extension-dropcursor" "^2.1.13"
    "@tiptap/extension-gapcursor" "^2.1.13"
    "@tiptap/extension-hard-break" "^2.1.13"
    "@tiptap/extension-heading" "^2.1.13"
    "@tiptap/extension-history" "^2.1.13"
    "@tiptap/extension-horizontal-rule" "^2.1.13"
    "@tiptap/extension-italic" "^2.1.13"
    "@tiptap/extension-list-item" "^2.1.13"
    "@tiptap/extension-ordered-list" "^2.1.13"
    "@tiptap/extension-paragraph" "^2.1.13"
    "@tiptap/extension-strike" "^2.1.13"
    "@tiptap/extension-text" "^2.1.13"

"@tiptap/suggestion@^2.0.0", "@tiptap/suggestion@^2.1.13":
  version "2.1.13"
  resolved "https://registry.npmjs.org/@tiptap/suggestion/-/suggestion-2.1.13.tgz"
  integrity sha512-Y05TsiXTFAJ5SrfoV+21MAxig5UNbY0AVa03lQlh/yicTRPpIc6hgZzblB0uxDSYoj6+kaHE4MIZvPvhUD8BJQ==

"@types/object.omit@^3.0.0":
  version "3.0.3"
  resolved "https://registry.npmjs.org/@types/object.omit/-/object.omit-3.0.3.tgz"
  integrity sha512-xrq4bQTBGYY2cw+gV4PzoG2Lv3L0pjZ1uXStRRDQoATOYW1lCsFQHhQ+OkPhIcQoqLjAq7gYif7D14Qaa6Zbew==

"@types/object.pick@^1.3.2":
  version "1.3.4"
  resolved "https://registry.npmjs.org/@types/object.pick/-/object.pick-1.3.4.tgz"
  integrity sha512-5PjwB0uP2XDp3nt5u5NJAG2DORHIRClPzWT/TTZhJ2Ekwe8M5bA9tvPdi9NO/n2uvu2/ictat8kgqvLfcIE1SA==

"@types/throttle-debounce@^2.1.0":
  version "2.1.0"
  resolved "https://registry.npmjs.org/@types/throttle-debounce/-/throttle-debounce-2.1.0.tgz"
  integrity sha512-5eQEtSCoESnh2FsiLTxE121IiE60hnMqcb435fShf4bpLRjEu1Eoekht23y6zXS9Ts3l+Szu3TARnTsA0GkOkQ==

argparse@^2.0.1:
  version "2.0.1"
  resolved "https://registry.npmjs.org/argparse/-/argparse-2.0.1.tgz"
  integrity sha512-8+9WqebbFzpX9OR+Wa6O29asIogeRMzcGtAINdpMHHyAg10f05aSFVBbcEqGf/PXw1EjAZ+q2/bEBg3DvurK3Q==

case-anything@^2.1.13:
  version "2.1.13"
  resolved "https://registry.npmjs.org/case-anything/-/case-anything-2.1.13.tgz"
  integrity sha512-zlOQ80VrQ2Ue+ymH5OuM/DlDq64mEm+B9UTdHULv5osUMD6HalNTblf2b1u/m6QecjsnOkBpqVZ+XPwIVsy7Ng==

client-only@^0.0.1:
  version "0.0.1"
  resolved "https://registry.npmjs.org/client-only/-/client-only-0.0.1.tgz"
  integrity sha512-IV3Ou0jSMzZrd3pZ48nLkT9DA7Ag1pnPzaiQhpW7c3RbcqqzvzzVu+L8gfqMp/8IM2MQtSiqaCxrrcfu8I8rMA==

crelt@^1.0.0:
  version "1.0.6"
  resolved "https://registry.npmjs.org/crelt/-/crelt-1.0.6.tgz"
  integrity sha512-VQ2MBenTq1fWZUH9DJNGti7kKv6EeAuYr3cLwxUWhIu1baTaXh4Ib5W2CqHVqib4/MqbYGJqiL3Zb8GJZr3l4g==

dash-get@^1.0.2:
  version "1.0.2"
  resolved "https://registry.npmjs.org/dash-get/-/dash-get-1.0.2.tgz"
  integrity sha512-4FbVrHDwfOASx7uQVxeiCTo7ggSdYZbqs8lH+WU6ViypPlDbe9y6IP5VVUDQBv9DcnyaiPT5XT0UWHgJ64zLeQ==

deepmerge@^4.3.1:
  version "4.3.1"
  resolved "https://registry.npmjs.org/deepmerge/-/deepmerge-4.3.1.tgz"
  integrity sha512-3sUqbMEc77XqpdNO7FRyRog+eW3ph+GYCbj+rK+uYyRMuwsVy0rMiVtPn+QJlKFvWP/1PYpapqYn0Me2knFn+A==

entities@^4.4.0:
  version "4.5.0"
  resolved "https://registry.npmjs.org/entities/-/entities-4.5.0.tgz"
  integrity sha512-V0hjH4dGPh9Ao5p0MoRY6BVqtwCjhz6vI5LT8AJ55H+4g9/4vbHx1I54fS0XuclLhDHArPQCiMjDxjaL8fPxhw==

escape-string-regexp@^4.0.0:
  version "4.0.0"
  resolved "https://registry.npmjs.org/escape-string-regexp/-/escape-string-regexp-4.0.0.tgz"
  integrity sha512-TtpcNJ3XAzx3Gq8sWRzJaVajRs0uVxA2YAkdb1jm2YkPz4G6egUFAyA3n5vtEIZefPk5Wa4UXbKuS5fKkJWdgA==

fast-deep-equal@^3.1.3:
  version "3.1.3"
  resolved "https://registry.npmjs.org/fast-deep-equal/-/fast-deep-equal-3.1.3.tgz"
  integrity sha512-f3qQ9oQy9j2AhBe/H9VC91wLmKBCCU/gDOnKNAYG5hswO7BLKj09Hc5HYNz9cGI++xlpDCIgDaitVs03ATR84Q==

is-extendable@^1.0.0:
  version "1.0.1"
  resolved "https://registry.npmjs.org/is-extendable/-/is-extendable-1.0.1.tgz"
  integrity sha512-arnXMxT1hhoKo9k1LZdmlNyJdDDfy2v0fXjFlmok4+i8ul/6WlbVge9bhM74OpNPQPMGUToDtz+KXa1PneJxOA==
  dependencies:
    is-plain-object "^2.0.4"

is-plain-object@^2.0.4:
  version "2.0.4"
  resolved "https://registry.npmjs.org/is-plain-object/-/is-plain-object-2.0.4.tgz"
  integrity sha512-h5PpgXkWitc38BBMYawTYMWJHFZJVnBquFE57xFpjB8pJFiF6gZ+bU+WyI/yqXiFR5mdLsgYNaPe8uao6Uv9Og==
  dependencies:
    isobject "^3.0.1"

isobject@^3.0.1:
  version "3.0.1"
  resolved "https://registry.npmjs.org/isobject/-/isobject-3.0.1.tgz"
  integrity sha512-WhB9zCku7EGTj/HQQRz5aUQEUeoQZH2bWcltRErOpymJ4boYE6wL9Tbr23krRPSZ+C5zqNSrSw+Cc7sZZ4b7vg==

"js-tokens@^3.0.0 || ^4.0.0":
  version "4.0.0"
  resolved "https://registry.npmjs.org/js-tokens/-/js-tokens-4.0.0.tgz"
  integrity sha512-RdJUflcE3cUzKiMqQgsCu06FPu9UdIJO0beYbPhHN4k6apgJtifcoCtT9bcxOpYBtpD2kCM6Sbzg4CausW/PKQ==

linkify-it@^5.0.0:
  version "5.0.0"
  resolved "https://registry.npmjs.org/linkify-it/-/linkify-it-5.0.0.tgz"
  integrity sha512-5aHCbzQRADcdP+ATqnDuhhJ/MRIqDkZX5pyjFHRRysS8vZ5AbqGEoFIb6pYHPZ+L/OC2Lc+xT8uHVVR5CAK/wQ==
  dependencies:
    uc.micro "^2.0.0"

linkifyjs@^4.1.0:
  version "4.1.3"
  resolved "https://registry.npmjs.org/linkifyjs/-/linkifyjs-4.1.3.tgz"
  integrity sha512-auMesunaJ8yfkHvK4gfg1K0SaKX/6Wn9g2Aac/NwX+l5VdmFZzo/hdPGxEOETj+ryRa4/fiOPjeeKURSAJx1sg==

loose-envify@^1.1.0:
  version "1.4.0"
  resolved "https://registry.npmjs.org/loose-envify/-/loose-envify-1.4.0.tgz"
  integrity sha512-lyuxPGr/Wfhrlem2CL/UcnUc1zcqKAImBDzukY7Y5F/yQiNdko6+fRLevlw1HgMySw7f611UIY408EtxRSoK3Q==
  dependencies:
    js-tokens "^3.0.0 || ^4.0.0"

make-error@^1.3.6:
  version "1.3.6"
  resolved "https://registry.npmjs.org/make-error/-/make-error-1.3.6.tgz"
  integrity sha512-s8UhlNe7vPKomQhC1qFelMokr/Sc3AgNbso3n74mVPA5LTZwkB9NlXf4XPamLxJE8h0gh73rM94xvwRT2CVInw==

markdown-it@^14.0.0:
  version "14.0.0"
  resolved "https://registry.npmjs.org/markdown-it/-/markdown-it-14.0.0.tgz"
  integrity sha512-seFjF0FIcPt4P9U39Bq1JYblX0KZCjDLFFQPHpL5AzHpqPEKtosxmdq/LTVZnjfH7tjt9BxStm+wXcDBNuYmzw==
  dependencies:
    argparse "^2.0.1"
    entities "^4.4.0"
    linkify-it "^5.0.0"
    mdurl "^2.0.0"
    punycode.js "^2.3.1"
    uc.micro "^2.0.0"

mdurl@^2.0.0:
  version "2.0.0"
  resolved "https://registry.npmjs.org/mdurl/-/mdurl-2.0.0.tgz"
  integrity sha512-Lf+9+2r+Tdp5wXDXC4PcIBjTDtq4UKjCPMQhKIuzpJNW0b96kVqSwW0bT7FhRSfmAiFYgP+SCRvdrDozfh0U5w==

object.omit@^3.0.0:
  version "3.0.0"
  resolved "https://registry.npmjs.org/object.omit/-/object.omit-3.0.0.tgz"
  integrity sha512-EO+BCv6LJfu+gBIF3ggLicFebFLN5zqzz/WWJlMFfkMyGth+oBkhxzDl0wx2W4GkLzuQs/FsSkXZb2IMWQqmBQ==
  dependencies:
    is-extendable "^1.0.0"

object.pick@^1.3.0:
  version "1.3.0"
  resolved "https://registry.npmjs.org/object.pick/-/object.pick-1.3.0.tgz"
  integrity sha512-tqa/UMy/CCoYmj+H5qc07qvSL9dqcs/WZENZ1JbtWBlATP+iVOe778gE6MSijnyCnORzDuX6hU+LA4SZ09YjFQ==
  dependencies:
    isobject "^3.0.1"

orderedmap@^2.0.0:
  version "2.1.1"
  resolved "https://registry.npmjs.org/orderedmap/-/orderedmap-2.1.1.tgz"
  integrity sha512-TvAWxi0nDe1j/rtMcWcIj94+Ffe6n7zhow33h40SKxmsmozs6dz/e+EajymfoFcHd7sxNn8yHM8839uixMOV6g==

prosemirror-changeset@^2.2.0:
  version "2.2.1"
  resolved "https://registry.npmjs.org/prosemirror-changeset/-/prosemirror-changeset-2.2.1.tgz"
  integrity sha512-J7msc6wbxB4ekDFj+n9gTW/jav/p53kdlivvuppHsrZXCaQdVgRghoZbSS3kwrRyAstRVQ4/+u5k7YfLgkkQvQ==
  dependencies:
    prosemirror-transform "^1.0.0"

prosemirror-collab@^1.3.0:
  version "1.3.1"
  resolved "https://registry.npmjs.org/prosemirror-collab/-/prosemirror-collab-1.3.1.tgz"
  integrity sha512-4SnynYR9TTYaQVXd/ieUvsVV4PDMBzrq2xPUWutHivDuOshZXqQ5rGbZM84HEaXKbLdItse7weMGOUdDVcLKEQ==
  dependencies:
    prosemirror-state "^1.0.0"

prosemirror-commands@^1.0.0, prosemirror-commands@^1.3.1:
  version "1.5.2"
  resolved "https://registry.npmjs.org/prosemirror-commands/-/prosemirror-commands-1.5.2.tgz"
  integrity sha512-hgLcPaakxH8tu6YvVAaILV2tXYsW3rAdDR8WNkeKGcgeMVQg3/TMhPdVoh7iAmfgVjZGtcOSjKiQaoeKjzd2mQ==
  dependencies:
    prosemirror-model "^1.0.0"
    prosemirror-state "^1.0.0"
    prosemirror-transform "^1.0.0"

prosemirror-dropcursor@^1.5.0:
  version "1.8.1"
  resolved "https://registry.npmjs.org/prosemirror-dropcursor/-/prosemirror-dropcursor-1.8.1.tgz"
  integrity sha512-M30WJdJZLyXHi3N8vxN6Zh5O8ZBbQCz0gURTfPmTIBNQ5pxrdU7A58QkNqfa98YEjSAL1HUyyU34f6Pm5xBSGw==
  dependencies:
    prosemirror-state "^1.0.0"
    prosemirror-transform "^1.1.0"
    prosemirror-view "^1.1.0"

prosemirror-gapcursor@^1.3.1:
  version "1.3.2"
  resolved "https://registry.npmjs.org/prosemirror-gapcursor/-/prosemirror-gapcursor-1.3.2.tgz"
  integrity sha512-wtjswVBd2vaQRrnYZaBCbyDqr232Ed4p2QPtRIUK5FuqHYKGWkEwl08oQM4Tw7DOR0FsasARV5uJFvMZWxdNxQ==
  dependencies:
    prosemirror-keymap "^1.0.0"
    prosemirror-model "^1.0.0"
    prosemirror-state "^1.0.0"
    prosemirror-view "^1.0.0"

prosemirror-history@^1.0.0, prosemirror-history@^1.3.0:
  version "1.3.2"
  resolved "https://registry.npmjs.org/prosemirror-history/-/prosemirror-history-1.3.2.tgz"
  integrity sha512-/zm0XoU/N/+u7i5zepjmZAEnpvjDtzoPWW6VmKptcAnPadN/SStsBjMImdCEbb3seiNTpveziPTIrXQbHLtU1g==
  dependencies:
    prosemirror-state "^1.2.2"
    prosemirror-transform "^1.0.0"
    prosemirror-view "^1.31.0"
    rope-sequence "^1.3.0"

prosemirror-inputrules@^1.2.0:
  version "1.3.0"
  resolved "https://registry.npmjs.org/prosemirror-inputrules/-/prosemirror-inputrules-1.3.0.tgz"
  integrity sha512-z1GRP2vhh5CihYMQYsJSa1cOwXb3SYxALXOIfAkX8nZserARtl9LiL+CEl+T+OFIsXc3mJIHKhbsmRzC0HDAXA==
  dependencies:
    prosemirror-state "^1.0.0"
    prosemirror-transform "^1.0.0"

prosemirror-keymap@^1.0.0, prosemirror-keymap@^1.1.2, prosemirror-keymap@^1.2.0:
  version "1.2.2"
  resolved "https://registry.npmjs.org/prosemirror-keymap/-/prosemirror-keymap-1.2.2.tgz"
  integrity sha512-EAlXoksqC6Vbocqc0GtzCruZEzYgrn+iiGnNjsJsH4mrnIGex4qbLdWWNza3AW5W36ZRrlBID0eM6bdKH4OStQ==
  dependencies:
    prosemirror-state "^1.0.0"
    w3c-keyname "^2.2.0"

prosemirror-markdown@^1.10.1:
  version "1.12.0"
  resolved "https://registry.npmjs.org/prosemirror-markdown/-/prosemirror-markdown-1.12.0.tgz"
  integrity sha512-6F5HS8Z0HDYiS2VQDZzfZP6A0s/I0gbkJy8NCzzDMtcsz3qrfqyroMMeoSjAmOhDITyon11NbXSzztfKi+frSQ==
  dependencies:
    markdown-it "^14.0.0"
    prosemirror-model "^1.0.0"

prosemirror-menu@^1.2.1:
  version "1.2.4"
  resolved "https://registry.npmjs.org/prosemirror-menu/-/prosemirror-menu-1.2.4.tgz"
  integrity sha512-S/bXlc0ODQup6aiBbWVsX/eM+xJgCTAfMq/nLqaO5ID/am4wS0tTCIkzwytmao7ypEtjj39i7YbJjAgO20mIqA==
  dependencies:
    crelt "^1.0.0"
    prosemirror-commands "^1.0.0"
    prosemirror-history "^1.0.0"
    prosemirror-state "^1.0.0"

prosemirror-model@^1.0.0, prosemirror-model@^1.16.0, prosemirror-model@^1.18.1, prosemirror-model@^1.19.0, prosemirror-model@^1.8.1:
  version "1.19.4"
  resolved "https://registry.npmjs.org/prosemirror-model/-/prosemirror-model-1.19.4.tgz"
  integrity sha512-RPmVXxUfOhyFdayHawjuZCxiROsm9L4FCUA6pWI+l7n2yCBsWy9VpdE1hpDHUS8Vad661YLY9AzqfjLhAKQ4iQ==
  dependencies:
    orderedmap "^2.0.0"

prosemirror-schema-basic@^1.2.0:
  version "1.2.2"
  resolved "https://registry.npmjs.org/prosemirror-schema-basic/-/prosemirror-schema-basic-1.2.2.tgz"
  integrity sha512-/dT4JFEGyO7QnNTe9UaKUhjDXbTNkiWTq/N4VpKaF79bBjSExVV2NXmJpcM7z/gD7mbqNjxbmWW5nf1iNSSGnw==
  dependencies:
    prosemirror-model "^1.19.0"

prosemirror-schema-list@^1.2.2:
  version "1.3.0"
  resolved "https://registry.npmjs.org/prosemirror-schema-list/-/prosemirror-schema-list-1.3.0.tgz"
  integrity sha512-Hz/7gM4skaaYfRPNgr421CU4GSwotmEwBVvJh5ltGiffUJwm7C8GfN/Bc6DR1EKEp5pDKhODmdXXyi9uIsZl5A==
  dependencies:
    prosemirror-model "^1.0.0"
    prosemirror-state "^1.0.0"
    prosemirror-transform "^1.7.3"

prosemirror-state@^1.0.0, prosemirror-state@^1.2.2, prosemirror-state@^1.3.1, prosemirror-state@^1.4.1, prosemirror-state@^1.4.2:
  version "1.4.3"
  resolved "https://registry.npmjs.org/prosemirror-state/-/prosemirror-state-1.4.3.tgz"
  integrity sha512-goFKORVbvPuAQaXhpbemJFRKJ2aixr+AZMGiquiqKxaucC6hlpHNZHWgz5R7dS4roHiwq9vDctE//CZ++o0W1Q==
  dependencies:
    prosemirror-model "^1.0.0"
    prosemirror-transform "^1.0.0"
    prosemirror-view "^1.27.0"

prosemirror-tables@^1.3.0:
  version "1.3.5"
  resolved "https://registry.npmjs.org/prosemirror-tables/-/prosemirror-tables-1.3.5.tgz"
  integrity sha512-JSZ2cCNlApu/ObAhdPyotrjBe2cimniniTpz60YXzbL0kZ+47nEYk2LWbfKU2lKpBkUNquta2PjteoNi4YCluQ==
  dependencies:
    prosemirror-keymap "^1.1.2"
    prosemirror-model "^1.8.1"
    prosemirror-state "^1.3.1"
    prosemirror-transform "^1.2.1"
    prosemirror-view "^1.13.3"

prosemirror-trailing-node@^2.0.2:
  version "2.0.7"
  resolved "https://registry.npmjs.org/prosemirror-trailing-node/-/prosemirror-trailing-node-2.0.7.tgz"
  integrity sha512-8zcZORYj/8WEwsGo6yVCRXFMOfBo0Ub3hCUvmoWIZYfMP26WqENU0mpEP27w7mt8buZWuGrydBewr0tOArPb1Q==
  dependencies:
    "@remirror/core-constants" "^2.0.2"
    "@remirror/core-helpers" "^3.0.0"
    escape-string-regexp "^4.0.0"

prosemirror-transform@^1.0.0, prosemirror-transform@^1.1.0, prosemirror-transform@^1.2.1, prosemirror-transform@^1.7.0, prosemirror-transform@^1.7.3:
  version "1.8.0"
  resolved "https://registry.npmjs.org/prosemirror-transform/-/prosemirror-transform-1.8.0.tgz"
  integrity sha512-BaSBsIMv52F1BVVMvOmp1yzD3u65uC3HTzCBQV1WDPqJRQ2LuHKcyfn0jwqodo8sR9vVzMzZyI+Dal5W9E6a9A==
  dependencies:
    prosemirror-model "^1.0.0"

prosemirror-view@^1.0.0, prosemirror-view@^1.1.0, prosemirror-view@^1.13.3, prosemirror-view@^1.27.0, prosemirror-view@^1.28.2, prosemirror-view@^1.31.0, prosemirror-view@^1.31.2:
  version "1.32.6"
  resolved "https://registry.npmjs.org/prosemirror-view/-/prosemirror-view-1.32.6.tgz"
  integrity sha512-26r5LvyDlPgUNVf7ZdNdGrMJnylwjJtUJTfDuYOANIVx9lqWD1WCBlGg283weYQGKUC64DXR25LeAmliB9CrFQ==
  dependencies:
    prosemirror-model "^1.16.0"
    prosemirror-state "^1.0.0"
    prosemirror-transform "^1.1.0"

punycode.js@^2.3.1:
  version "2.3.1"
  resolved "https://registry.npmjs.org/punycode.js/-/punycode.js-2.3.1.tgz"
  integrity sha512-uxFIHU0YlHYhDQtV4R9J6a52SLx28BCjT+4ieh7IGbgwVJWO+km431c4yRlREUAsAmt/uMjQUyQHNEPf0M39CA==

"react-dom@^17.0.0 || ^18.0.0", react-dom@^18.2.0:
  version "18.2.0"
  resolved "https://registry.npmjs.org/react-dom/-/react-dom-18.2.0.tgz"
  integrity sha512-6IMTriUmvsjHUjNtEDudZfuDQUoWXVxKHhlEGSk81n4YFS+r/Kl99wXiwlVXtPBtJenozv2P+hxDsw9eA7Xo6g==
  dependencies:
    loose-envify "^1.1.0"
    scheduler "^0.23.0"

"react@^16.11.0 || ^17.0.0 || ^18.0.0", "react@^16.8.0 || ^17.0.0 || ^18.0.0", "react@^17.0.0 || ^18.0.0", react@^18.2.0:
  version "18.2.0"
  resolved "https://registry.npmjs.org/react/-/react-18.2.0.tgz"
  integrity sha512-/3IjMdb2L9QbBdWiW5e3P2/npwMBaU9mHCSCUzNln0ZCYbcfTsGbTJrU/kGemdH2IWmB2ioZ+zkxtmq6g09fGQ==
  dependencies:
    loose-envify "^1.1.0"

rope-sequence@^1.3.0:
  version "1.3.4"
  resolved "https://registry.npmjs.org/rope-sequence/-/rope-sequence-1.3.4.tgz"
  integrity sha512-UT5EDe2cu2E/6O4igUr5PSFs23nvvukicWHx6GnOPlHAiiYbzNuCRQCuiUdHJQcqKalLKlrYJnjY0ySGsXNQXQ==

scheduler@^0.23.0:
  version "0.23.0"
  resolved "https://registry.npmjs.org/scheduler/-/scheduler-0.23.0.tgz"
  integrity sha512-CtuThmgHNg7zIZWAXi3AsyIzA3n4xx7aNyjwC2VJldO2LMVDhFK+63xGqq6CsJH4rTAt6/M+N4GhZiDYPx9eUw==
  dependencies:
    loose-envify "^1.1.0"

swr@^2.2.4:
  version "2.2.4"
  resolved "https://registry.npmjs.org/swr/-/swr-2.2.4.tgz"
  integrity sha512-njiZ/4RiIhoOlAaLYDqwz5qH/KZXVilRLvomrx83HjzCWTfa+InyfAjv05PSFxnmLzZkNO9ZfvgoqzAaEI4sGQ==
  dependencies:
    client-only "^0.0.1"
    use-sync-external-store "^1.2.0"

throttle-debounce@^3.0.1:
  version "3.0.1"
  resolved "https://registry.npmjs.org/throttle-debounce/-/throttle-debounce-3.0.1.tgz"
  integrity sha512-dTEWWNu6JmeVXY0ZYoPuH5cRIwc0MeGbJwah9KUNYSJwommQpCzTySTpEe8Gs1J23aeWEuAobe4Ag7EHVt/LOg==

tippy.js@^6.3.7:
  version "6.3.7"
  resolved "https://registry.npmjs.org/tippy.js/-/tippy.js-6.3.7.tgz"
  integrity sha512-E1d3oP2emgJ9dRQZdf3Kkn0qJgI6ZLpyS5z6ZkY1DF3kaQaBsGZsndEpHwx+eC+tYM41HaSNvNtLx8tU57FzTQ==
  dependencies:
    "@popperjs/core" "^2.9.0"

type-fest@^2.19.0:
  version "2.19.0"
  resolved "https://registry.npmjs.org/type-fest/-/type-fest-2.19.0.tgz"
  integrity sha512-RAH822pAdBgcNMAfWnCBU3CFZcfZ/i1eZjwFU/dsLKumyuuP3niueg2UAukXYF0E2AAoc82ZSSf9J0WQBinzHA==

uc.micro@^2.0.0:
  version "2.0.0"
  resolved "https://registry.npmjs.org/uc.micro/-/uc.micro-2.0.0.tgz"
  integrity sha512-DffL94LsNOccVn4hyfRe5rdKa273swqeA5DJpMOeFmEn1wCDc7nAbbB0gXlgBCL7TNzeTv6G7XVWzan7iJtfig==

use-sync-external-store@^1.2.0:
  version "1.2.0"
  resolved "https://registry.npmjs.org/use-sync-external-store/-/use-sync-external-store-1.2.0.tgz"
  integrity sha512-eEgnFxGQ1Ife9bzYs6VLi8/4X6CObHMw9Qr9tPY43iKwsPw8xE8+EFsf/2cFZ5S3esXgpWgtSCtLNS41F+sKPA==

w3c-keyname@^2.2.0:
  version "2.2.8"
  resolved "https://registry.npmjs.org/w3c-keyname/-/w3c-keyname-2.2.8.tgz"
  integrity sha512-dpojBhNsCNN7T82Tm7k26A6G9ML3NkhDsnw9n/eoxSRlVBB4CEtIQ/KTCLI2Fwf3ataSXRhYFkQi3SlnFwPvPQ==
