# THIS IS AN AUTOGENERATED FILE. DO NOT EDIT THIS FILE DIRECTLY.
# yarn lockfile v1


"@popperjs/core@^2.9.0":
  version "2.11.8"
  resolved "https://registry.yarnpkg.com/@popperjs/core/-/core-2.11.8.tgz#6b79032e760a0899cd4204710beede972a3a185f"
  integrity sha512-P1st0aksCrn9sGZhp8GMYwBnQsbvAWsZAX44oXNNvLHGqAOcoVxmjZiohstwQ7SqKnbR47akdNi+uleWD8+g6A==

"@remirror/core-constants@^2.0.2":
  version "2.0.2"
  resolved "https://registry.yarnpkg.com/@remirror/core-constants/-/core-constants-2.0.2.tgz#f05eccdc69e3a65e7d524b52548f567904a11a1a"
  integrity sha512-dyHY+sMF0ihPus3O27ODd4+agdHMEmuRdyiZJ2CCWjPV5UFmn17ZbElvk6WOGVE4rdCJKZQCrPV2BcikOMLUGQ==

"@tiptap/core@^2.5.9":
  version "2.6.4"
  resolved "https://registry.yarnpkg.com/@tiptap/core/-/core-2.6.4.tgz#e01d560e233a3b49effbd112ca6c03538dd35717"
  integrity sha512-lv+JyBI+5C6C7BMLYg2bloB00HvAZkcvgO3CzmFia28Vtt1P9yhS44elvBemhUf7IP7Hu12FUzDWY+2GQqiqkw==

"@tiptap/extension-blockquote@^2.5.9":
  version "2.6.4"
  resolved "https://registry.yarnpkg.com/@tiptap/extension-blockquote/-/extension-blockquote-2.6.4.tgz#d10a8cf520a0e460a60e219973556d79d37927a8"
  integrity sha512-BzeQ52qHL4AEryPqgvPNRJ2siSTfSi2s3k7hVC29QYUTOidLSSDWVihn7lzJoBnqDMAOYj7yUhnEUEdjvOFGqw==

"@tiptap/extension-bold@^2.5.9":
  version "2.6.4"
  resolved "https://registry.yarnpkg.com/@tiptap/extension-bold/-/extension-bold-2.6.4.tgz#10d143336879affe134caeb54c75d0c1392de56e"
  integrity sha512-DIKUiO2aqO9D3dAQngBacWk/vYwDY13+q3t5dlawRTCIHxgV571vGb+YbcLswbWPQjOziIBc5QgwUVZLjA8OkA==

"@tiptap/extension-bubble-menu@^2.5.9":
  version "2.6.4"
  resolved "https://registry.yarnpkg.com/@tiptap/extension-bubble-menu/-/extension-bubble-menu-2.6.4.tgz#34c0da755aceee1c67c35fb6f18a16ba786bf163"
  integrity sha512-rtqV6d4qfoTBcXdiYYMpFi7cRhraVaLiGOrGCsHX0mNr4imDbwxVsge279X7IzyGhTvn+kprTTQG57s67Te5aA==
  dependencies:
    tippy.js "^6.3.7"

"@tiptap/extension-bullet-list@^2.5.9":
  version "2.6.4"
  resolved "https://registry.yarnpkg.com/@tiptap/extension-bullet-list/-/extension-bullet-list-2.6.4.tgz#92bf05100b72d491ff1db21b752a42f34fe66878"
  integrity sha512-SsEqWNvbcLjgPYQXWT+gm8Mdtd6SnM9kr5xdfOvfe9W1RCYi7U7SQjaYGLGQXuy3E8NDugNiG+ss2POMj4RaUQ==

"@tiptap/extension-code-block@^2.5.9":
  version "2.6.4"
  resolved "https://registry.yarnpkg.com/@tiptap/extension-code-block/-/extension-code-block-2.6.4.tgz#2b2941e7bfc8a5ccf909ae6e384e8ba090b72311"
  integrity sha512-dnZYiKVNdHfqZqYgoCElLk8ETLlV3Q0rw3IVDKDTwrhanSSooGfkVts/Gn/jtJUIulRdu8lH/0qZCgM4ihznfw==

"@tiptap/extension-code@^2.5.9":
  version "2.6.4"
  resolved "https://registry.yarnpkg.com/@tiptap/extension-code/-/extension-code-2.6.4.tgz#5ab8561aecf47576905b6acb8038fc246e836d65"
  integrity sha512-qCt/CRhV+s1E9XVCDxGgFwyQRjcLsqBuY5UTwH3Zp8MIBniyLyJDD0Rv9DgvVqalzRC8RoRxVey9Al3YhYNqsw==

"@tiptap/extension-document@^2.5.9":
  version "2.6.4"
  resolved "https://registry.yarnpkg.com/@tiptap/extension-document/-/extension-document-2.6.4.tgz#cb0a9c0591ce3e52b12f9cdf7cd2153577f37018"
  integrity sha512-fEQzou6J/w7GWiMqxxiwX2TEB6hgjBsImkHCxU05a4IOnIkzC8C9pV+NWa8u1LGvbERmVPBQqWYJG6phDhtYkg==

"@tiptap/extension-dropcursor@^2.5.9":
  version "2.6.4"
  resolved "https://registry.yarnpkg.com/@tiptap/extension-dropcursor/-/extension-dropcursor-2.6.4.tgz#354f25c87da1fe4574d4b2d1251a56a655bc93b4"
  integrity sha512-maTQi2R63i1S3CCJTjyuHMpk0BvnFuUxq7krZ3LBCOJgUeS78PF/XPirbbR7s2jOVsHK77LYsgdoS3ApDu1zdQ==

"@tiptap/extension-floating-menu@^2.5.9":
  version "2.6.4"
  resolved "https://registry.yarnpkg.com/@tiptap/extension-floating-menu/-/extension-floating-menu-2.6.4.tgz#bc5d001abc9d713c154230b1e42163216bccdf74"
  integrity sha512-oF5utOabYQ/a0Mpt3RS21NKtz2Kd8jnwHOw+4nMgis8Crb0eO5gizWqWMyktLU7oVFU/v8CKTqMBJOAmF4a+eA==
  dependencies:
    tippy.js "^6.3.7"

"@tiptap/extension-gapcursor@^2.5.9":
  version "2.6.4"
  resolved "https://registry.yarnpkg.com/@tiptap/extension-gapcursor/-/extension-gapcursor-2.6.4.tgz#19221791b4726968ff4002a262a70bd2ba200ebc"
  integrity sha512-g5fa1RLNpFZoiE5PIvG/pFIz88CvtiWkBUp5OOYrPxNzByazcbBsBI8Sa5ptDVrbDqerayUZYAVFPhXnq7MSlQ==

"@tiptap/extension-hard-break@^2.5.9":
  version "2.6.4"
  resolved "https://registry.yarnpkg.com/@tiptap/extension-hard-break/-/extension-hard-break-2.6.4.tgz#1f592e6ac94118c5e455b274a1072d010917b33e"
  integrity sha512-kBGGSBtp9oQlRBH7PfRvhbrauEphiJEuFUP9n/amAbrrNSabwmvBgyMl6wFXgMdfHF6CSv2YDgndE1sk8SjPSg==

"@tiptap/extension-heading@^2.5.9":
  version "2.6.4"
  resolved "https://registry.yarnpkg.com/@tiptap/extension-heading/-/extension-heading-2.6.4.tgz#d1d5442c71f5a3c466c93289d021c0eecd1f7f6f"
  integrity sha512-GHwDguzRXRrB5htGPx6T0f0uN9RPAkjbjrl28T7LFXX5Lb2XO+Esr1l4LNsTU49H4wR9nL/89ZjEcd36BUWkog==

"@tiptap/extension-highlight@2.5.9":
  version "2.5.9"
  resolved "https://registry.yarnpkg.com/@tiptap/extension-highlight/-/extension-highlight-2.5.9.tgz#290426538abcbb2299809d3e1274ba5af1ba9f68"
  integrity sha512-tRaSIIbCI7aBlvlmgUgBI5lVBqnMy49lc++UVAx1Pjey1j2KW031vUyvZfEwf6wk8Y7W3kVSkN0mW9IYCcOAOQ==

"@tiptap/extension-history@^2.5.9":
  version "2.6.4"
  resolved "https://registry.yarnpkg.com/@tiptap/extension-history/-/extension-history-2.6.4.tgz#bc9271a401736d1a2066a563c2a143decd1a08d3"
  integrity sha512-Hr3SrvMsyDHKcsF4u3QPdY/NBYG9V0g5pPmZs/tdysXot3NUdkEYowjs9K9o5osKom364KjxQS0c9mOjyeKu1g==

"@tiptap/extension-horizontal-rule@^2.5.9":
  version "2.6.4"
  resolved "https://registry.yarnpkg.com/@tiptap/extension-horizontal-rule/-/extension-horizontal-rule-2.6.4.tgz#ed5a7ae83ab6fe4e5683b8b2f8eb81eaf294b2dc"
  integrity sha512-lL29Hxsj1qFwRqtg41JlBOK/hmN+qnwIWvNCyZpKEVHs7d0iELj2REB/7R1KKAAdsvYo7pJrgqwBd1Ph6xRLpw==

"@tiptap/extension-italic@^2.5.9":
  version "2.6.4"
  resolved "https://registry.yarnpkg.com/@tiptap/extension-italic/-/extension-italic-2.6.4.tgz#38a4056f9d3268879f32b1680d94d380f978ed78"
  integrity sha512-XG/zaKVuorKr1vGEWEgLQTnQwOpNn/JyGxO7oC7wfYx5eYpbbCtMTEMvuqNvkm7kpvVAUx3ugi/D8DWyWZEtYg==

"@tiptap/extension-link@2.5.9":
  version "2.5.9"
  resolved "https://registry.yarnpkg.com/@tiptap/extension-link/-/extension-link-2.5.9.tgz#6cb323d36b82700963ad2b9d189a7d07c81c7d6e"
  integrity sha512-7v9yRsX7NuiY8DPslIsPIlFqcD8aGBMLqfEGXltJDvuG6kykdr+khEZeWcJ8ihHIL4yWR3/MAgeT2W72Z/nxiQ==
  dependencies:
    linkifyjs "^4.1.0"

"@tiptap/extension-list-item@^2.5.9":
  version "2.6.4"
  resolved "https://registry.yarnpkg.com/@tiptap/extension-list-item/-/extension-list-item-2.6.4.tgz#496a3f1e217b3bcadf6118f24aacb365c62dc9db"
  integrity sha512-NLP0nshX8eCZMLospdCsUApUQHPL1+T/MIi/Hhr0aNeaAg7KwBNH8/rFPuxPNs4BQkHOCuYq4Fm+klkebkFYJA==

"@tiptap/extension-mention@2.5.9":
  version "2.5.9"
  resolved "https://registry.yarnpkg.com/@tiptap/extension-mention/-/extension-mention-2.5.9.tgz#d6e56b0311767a198a5d4c396b7d34b1e3bad7b6"
  integrity sha512-O8LhClSkX5kUAyShrf2euN4oOusr5/niur7zvvbB7QZxn35kf+NtSM0i4nbyJQDMa7DnrFuQzkN5M/PCvMtr2w==

"@tiptap/extension-ordered-list@^2.5.9":
  version "2.6.4"
  resolved "https://registry.yarnpkg.com/@tiptap/extension-ordered-list/-/extension-ordered-list-2.6.4.tgz#2bfc22acdfe6f2c18a8e93c18393e04792c238b2"
  integrity sha512-ecAEFpRKZc+b3f54EGvaRp7hsVza2i1nRhxHoPElqVR5DiCCSuSgAPCsKhUUT1rKweK9h56HiC4xswAyFrU5Ag==

"@tiptap/extension-paragraph@^2.5.9":
  version "2.6.4"
  resolved "https://registry.yarnpkg.com/@tiptap/extension-paragraph/-/extension-paragraph-2.6.4.tgz#3f713aac2b53933cf87d6383c908090fdf15a3f6"
  integrity sha512-JVlvhZPzjz0Q+29KmnrmLr3A3SvAMfKOZxbZZVnzee6vtI6rqjdYGBOtyyyWwrAliNQB6GkHiKmT3GxH76dz7A==

"@tiptap/extension-placeholder@2.5.9":
  version "2.5.9"
  resolved "https://registry.yarnpkg.com/@tiptap/extension-placeholder/-/extension-placeholder-2.5.9.tgz#c9bebc7e2bba2b0321e360d8a7a358152ffc9137"
  integrity sha512-ytKmlSiebtCBXoMPE2cup48DR0rQiekXhLKLkNyt7m8tSXkaRO4eDaFqCqPEXLeQXWdhwWEoPM6Cejaaa3ztkA==

"@tiptap/extension-strike@^2.5.9":
  version "2.6.4"
  resolved "https://registry.yarnpkg.com/@tiptap/extension-strike/-/extension-strike-2.6.4.tgz#aeb6253a996e74a1cb245b2688019a230b446d2e"
  integrity sha512-EV4hEA5qnRtKViaLKcucFvXP9xEUJOFgpFeOrp2xIgSXJLSmutkaDfz7nxJ2RLzwwYvPfWUL7ay97JSCzSuaIA==

"@tiptap/extension-text@^2.5.9":
  version "2.6.4"
  resolved "https://registry.yarnpkg.com/@tiptap/extension-text/-/extension-text-2.6.4.tgz#b03c234dbaa69d1e9bec3f50e7a80f51c882e94d"
  integrity sha512-QfspuCTTpmFrSLbDs2z/0W7GLaoNanwj4OCKPSPz5XcraZJgFLsWAqZxZE4aLgZbJH2hcGWMe5ZHmvLf5dJogw==

"@tiptap/extension-underline@2.5.9":
  version "2.5.9"
  resolved "https://registry.yarnpkg.com/@tiptap/extension-underline/-/extension-underline-2.5.9.tgz#dac5288eb486fe0c90e0e4c4f9d3f3f0181f03f4"
  integrity sha512-1gFBLzzphwJHsPLwUl9xosErEmtG2c2Sa2ajyS4uRjfl9X7+Li2O2WelZLHZGgTHWliE6ptA3m1MyXppHoitbg==

"@tiptap/pm@2.5.9":
  version "2.5.9"
  resolved "https://registry.yarnpkg.com/@tiptap/pm/-/pm-2.5.9.tgz#f97889210374993a1ce78e9ecb23461d0e4644bf"
  integrity sha512-YSUaEQVtvZnGzGjif2Tl2o9utE+6tR2Djhz0EqFUcAUEVhOMk7UYUO+r/aPfcCRraIoKKuDQzyCpjKmJicjCUA==
  dependencies:
    prosemirror-changeset "^2.2.1"
    prosemirror-collab "^1.3.1"
    prosemirror-commands "^1.5.2"
    prosemirror-dropcursor "^1.8.1"
    prosemirror-gapcursor "^1.3.2"
    prosemirror-history "^1.4.1"
    prosemirror-inputrules "^1.4.0"
    prosemirror-keymap "^1.2.2"
    prosemirror-markdown "^1.13.0"
    prosemirror-menu "^1.2.4"
    prosemirror-model "^1.22.2"
    prosemirror-schema-basic "^1.2.3"
    prosemirror-schema-list "^1.4.1"
    prosemirror-state "^1.4.3"
    prosemirror-tables "^1.4.0"
    prosemirror-trailing-node "^2.0.9"
    prosemirror-transform "^1.9.0"
    prosemirror-view "^1.33.9"

"@tiptap/react@2.5.9":
  version "2.5.9"
  resolved "https://registry.yarnpkg.com/@tiptap/react/-/react-2.5.9.tgz#43f94a2bf1d4c55e82d97ef9d1c97ba20206f7f0"
  integrity sha512-NZYAslIb79oxIOFHx9T9ey5oX0aJ1uRbtT2vvrvvyRaO6fKWgAwMYN92bOu5/f2oUVGUp6l7wkYZGdjz/XP5bA==
  dependencies:
    "@tiptap/extension-bubble-menu" "^2.5.9"
    "@tiptap/extension-floating-menu" "^2.5.9"
    "@types/use-sync-external-store" "^0.0.6"
    use-sync-external-store "^1.2.2"

"@tiptap/starter-kit@2.5.9":
  version "2.5.9"
  resolved "https://registry.yarnpkg.com/@tiptap/starter-kit/-/starter-kit-2.5.9.tgz#fec0955b873ebcbdeefdfaab0e9254011df3f41b"
  integrity sha512-nZ4V+vRayomjxUsajFMHv1iJ5SiSaEA65LAXze/CzyZXGMXfL2OLzY7wJoaVJ4BgwINuO0dOSAtpNDN6jI+6mQ==
  dependencies:
    "@tiptap/core" "^2.5.9"
    "@tiptap/extension-blockquote" "^2.5.9"
    "@tiptap/extension-bold" "^2.5.9"
    "@tiptap/extension-bullet-list" "^2.5.9"
    "@tiptap/extension-code" "^2.5.9"
    "@tiptap/extension-code-block" "^2.5.9"
    "@tiptap/extension-document" "^2.5.9"
    "@tiptap/extension-dropcursor" "^2.5.9"
    "@tiptap/extension-gapcursor" "^2.5.9"
    "@tiptap/extension-hard-break" "^2.5.9"
    "@tiptap/extension-heading" "^2.5.9"
    "@tiptap/extension-history" "^2.5.9"
    "@tiptap/extension-horizontal-rule" "^2.5.9"
    "@tiptap/extension-italic" "^2.5.9"
    "@tiptap/extension-list-item" "^2.5.9"
    "@tiptap/extension-ordered-list" "^2.5.9"
    "@tiptap/extension-paragraph" "^2.5.9"
    "@tiptap/extension-strike" "^2.5.9"
    "@tiptap/extension-text" "^2.5.9"

"@tiptap/suggestion@2.5.9":
  version "2.5.9"
  resolved "https://registry.yarnpkg.com/@tiptap/suggestion/-/suggestion-2.5.9.tgz#af54bd41c2146454619fcadf15129a499bb6d05d"
  integrity sha512-s7UU0j2IRreVXrMMxsFvsNjJnZeTS1SAwsjLkN2YX+/ZQss92s0BLP3HsxEr2oFHlFye8E0qR9xjWZ4vSc9asw==

"@types/use-sync-external-store@^0.0.6":
  version "0.0.6"
  resolved "https://registry.yarnpkg.com/@types/use-sync-external-store/-/use-sync-external-store-0.0.6.tgz#60be8d21baab8c305132eb9cb912ed497852aadc"
  integrity sha512-zFDAD+tlpf2r4asuHEj0XH6pY6i0g5NeAHPn+15wk3BV6JA69eERFXC1gyGThDkVa1zCyKr5jox1+2LbV/AMLg==

argparse@^2.0.1:
  version "2.0.1"
  resolved "https://registry.yarnpkg.com/argparse/-/argparse-2.0.1.tgz#246f50f3ca78a3240f6c997e8a9bd1eac49e4b38"
  integrity sha512-8+9WqebbFzpX9OR+Wa6O29asIogeRMzcGtAINdpMHHyAg10f05aSFVBbcEqGf/PXw1EjAZ+q2/bEBg3DvurK3Q==

crelt@^1.0.0:
  version "1.0.6"
  resolved "https://registry.yarnpkg.com/crelt/-/crelt-1.0.6.tgz#7cc898ea74e190fb6ef9dae57f8f81cf7302df72"
  integrity sha512-VQ2MBenTq1fWZUH9DJNGti7kKv6EeAuYr3cLwxUWhIu1baTaXh4Ib5W2CqHVqib4/MqbYGJqiL3Zb8GJZr3l4g==

dequal@^2.0.3:
  version "2.0.3"
  resolved "https://registry.yarnpkg.com/dequal/-/dequal-2.0.3.tgz#2644214f1997d39ed0ee0ece72335490a7ac67be"
  integrity sha512-0je+qPKHEMohvfRTCEo3CrPG6cAzAYgmzKyxRiYSSDkS6eGJdyVJm7WaYA5ECaAD9wLB2T4EEeymA5aFVcYXCA==

entities@^4.4.0:
  version "4.5.0"
  resolved "https://registry.yarnpkg.com/entities/-/entities-4.5.0.tgz#5d268ea5e7113ec74c4d033b79ea5a35a488fb48"
  integrity sha512-V0hjH4dGPh9Ao5p0MoRY6BVqtwCjhz6vI5LT8AJ55H+4g9/4vbHx1I54fS0XuclLhDHArPQCiMjDxjaL8fPxhw==

escape-string-regexp@^4.0.0:
  version "4.0.0"
  resolved "https://registry.yarnpkg.com/escape-string-regexp/-/escape-string-regexp-4.0.0.tgz#14ba83a5d373e3d311e5afca29cf5bfad965bf34"
  integrity sha512-TtpcNJ3XAzx3Gq8sWRzJaVajRs0uVxA2YAkdb1jm2YkPz4G6egUFAyA3n5vtEIZefPk5Wa4UXbKuS5fKkJWdgA==

"js-tokens@^3.0.0 || ^4.0.0":
  version "4.0.0"
  resolved "https://registry.yarnpkg.com/js-tokens/-/js-tokens-4.0.0.tgz#19203fb59991df98e3a287050d4647cdeaf32499"
  integrity sha512-RdJUflcE3cUzKiMqQgsCu06FPu9UdIJO0beYbPhHN4k6apgJtifcoCtT9bcxOpYBtpD2kCM6Sbzg4CausW/PKQ==

linkify-it@^5.0.0:
  version "5.0.0"
  resolved "https://registry.yarnpkg.com/linkify-it/-/linkify-it-5.0.0.tgz#9ef238bfa6dc70bd8e7f9572b52d369af569b421"
  integrity sha512-5aHCbzQRADcdP+ATqnDuhhJ/MRIqDkZX5pyjFHRRysS8vZ5AbqGEoFIb6pYHPZ+L/OC2Lc+xT8uHVVR5CAK/wQ==
  dependencies:
    uc.micro "^2.0.0"

linkifyjs@^4.1.0:
  version "4.3.2"
  resolved "https://registry.yarnpkg.com/linkifyjs/-/linkifyjs-4.3.2.tgz#d97eb45419aabf97ceb4b05a7adeb7b8c8ade2b1"
  integrity sha512-NT1CJtq3hHIreOianA8aSXn6Cw0JzYOuDQbOrSPe7gqFnCpKP++MQe3ODgO3oh2GJFORkAAdqredOa60z63GbA==

loose-envify@^1.1.0:
  version "1.4.0"
  resolved "https://registry.yarnpkg.com/loose-envify/-/loose-envify-1.4.0.tgz#71ee51fa7be4caec1a63839f7e682d8132d30caf"
  integrity sha512-lyuxPGr/Wfhrlem2CL/UcnUc1zcqKAImBDzukY7Y5F/yQiNdko6+fRLevlw1HgMySw7f611UIY408EtxRSoK3Q==
  dependencies:
    js-tokens "^3.0.0 || ^4.0.0"

markdown-it@^14.0.0:
  version "14.1.0"
  resolved "https://registry.yarnpkg.com/markdown-it/-/markdown-it-14.1.0.tgz#3c3c5992883c633db4714ccb4d7b5935d98b7d45"
  integrity sha512-a54IwgWPaeBCAAsv13YgmALOF1elABB08FxO9i+r4VFk5Vl4pKokRPeX8u5TCgSsPi6ec1otfLjdOpVcgbpshg==
  dependencies:
    argparse "^2.0.1"
    entities "^4.4.0"
    linkify-it "^5.0.0"
    mdurl "^2.0.0"
    punycode.js "^2.3.1"
    uc.micro "^2.1.0"

mdurl@^2.0.0:
  version "2.0.0"
  resolved "https://registry.yarnpkg.com/mdurl/-/mdurl-2.0.0.tgz#80676ec0433025dd3e17ee983d0fe8de5a2237e0"
  integrity sha512-Lf+9+2r+Tdp5wXDXC4PcIBjTDtq4UKjCPMQhKIuzpJNW0b96kVqSwW0bT7FhRSfmAiFYgP+SCRvdrDozfh0U5w==

orderedmap@^2.0.0:
  version "2.1.1"
  resolved "https://registry.yarnpkg.com/orderedmap/-/orderedmap-2.1.1.tgz#61481269c44031c449915497bf5a4ad273c512d2"
  integrity sha512-TvAWxi0nDe1j/rtMcWcIj94+Ffe6n7zhow33h40SKxmsmozs6dz/e+EajymfoFcHd7sxNn8yHM8839uixMOV6g==

prosemirror-changeset@^2.2.1:
  version "2.2.1"
  resolved "https://registry.yarnpkg.com/prosemirror-changeset/-/prosemirror-changeset-2.2.1.tgz#dae94b63aec618fac7bb9061648e6e2a79988383"
  integrity sha512-J7msc6wbxB4ekDFj+n9gTW/jav/p53kdlivvuppHsrZXCaQdVgRghoZbSS3kwrRyAstRVQ4/+u5k7YfLgkkQvQ==
  dependencies:
    prosemirror-transform "^1.0.0"

prosemirror-collab@^1.3.1:
  version "1.3.1"
  resolved "https://registry.yarnpkg.com/prosemirror-collab/-/prosemirror-collab-1.3.1.tgz#0e8c91e76e009b53457eb3b3051fb68dad029a33"
  integrity sha512-4SnynYR9TTYaQVXd/ieUvsVV4PDMBzrq2xPUWutHivDuOshZXqQ5rGbZM84HEaXKbLdItse7weMGOUdDVcLKEQ==
  dependencies:
    prosemirror-state "^1.0.0"

prosemirror-commands@^1.0.0, prosemirror-commands@^1.5.2:
  version "1.6.0"
  resolved "https://registry.yarnpkg.com/prosemirror-commands/-/prosemirror-commands-1.6.0.tgz#b79f034ed371576e7bf83ddd4ede689c8ccbd9ab"
  integrity sha512-xn1U/g36OqXn2tn5nGmvnnimAj/g1pUx2ypJJIe8WkVX83WyJVC5LTARaxZa2AtQRwntu9Jc5zXs9gL9svp/mg==
  dependencies:
    prosemirror-model "^1.0.0"
    prosemirror-state "^1.0.0"
    prosemirror-transform "^1.0.0"

prosemirror-dropcursor@^1.8.1:
  version "1.8.1"
  resolved "https://registry.yarnpkg.com/prosemirror-dropcursor/-/prosemirror-dropcursor-1.8.1.tgz#49b9fb2f583e0d0f4021ff87db825faa2be2832d"
  integrity sha512-M30WJdJZLyXHi3N8vxN6Zh5O8ZBbQCz0gURTfPmTIBNQ5pxrdU7A58QkNqfa98YEjSAL1HUyyU34f6Pm5xBSGw==
  dependencies:
    prosemirror-state "^1.0.0"
    prosemirror-transform "^1.1.0"
    prosemirror-view "^1.1.0"

prosemirror-gapcursor@^1.3.2:
  version "1.3.2"
  resolved "https://registry.yarnpkg.com/prosemirror-gapcursor/-/prosemirror-gapcursor-1.3.2.tgz#5fa336b83789c6199a7341c9493587e249215cb4"
  integrity sha512-wtjswVBd2vaQRrnYZaBCbyDqr232Ed4p2QPtRIUK5FuqHYKGWkEwl08oQM4Tw7DOR0FsasARV5uJFvMZWxdNxQ==
  dependencies:
    prosemirror-keymap "^1.0.0"
    prosemirror-model "^1.0.0"
    prosemirror-state "^1.0.0"
    prosemirror-view "^1.0.0"

prosemirror-history@^1.0.0, prosemirror-history@^1.4.1:
  version "1.4.1"
  resolved "https://registry.yarnpkg.com/prosemirror-history/-/prosemirror-history-1.4.1.tgz#cc370a46fb629e83a33946a0e12612e934ab8b98"
  integrity sha512-2JZD8z2JviJrboD9cPuX/Sv/1ChFng+xh2tChQ2X4bB2HeK+rra/bmJ3xGntCcjhOqIzSDG6Id7e8RJ9QPXLEQ==
  dependencies:
    prosemirror-state "^1.2.2"
    prosemirror-transform "^1.0.0"
    prosemirror-view "^1.31.0"
    rope-sequence "^1.3.0"

prosemirror-inputrules@^1.4.0:
  version "1.4.0"
  resolved "https://registry.yarnpkg.com/prosemirror-inputrules/-/prosemirror-inputrules-1.4.0.tgz#ef1519bb2cb0d1e0cec74bad1a97f1c1555068bb"
  integrity sha512-6ygpPRuTJ2lcOXs9JkefieMst63wVJBgHZGl5QOytN7oSZs3Co/BYbc3Yx9zm9H37Bxw8kVzCnDsihsVsL4yEg==
  dependencies:
    prosemirror-state "^1.0.0"
    prosemirror-transform "^1.0.0"

prosemirror-keymap@^1.0.0, prosemirror-keymap@^1.1.2, prosemirror-keymap@^1.2.2:
  version "1.2.2"
  resolved "https://registry.yarnpkg.com/prosemirror-keymap/-/prosemirror-keymap-1.2.2.tgz#14a54763a29c7b2704f561088ccf3384d14eb77e"
  integrity sha512-EAlXoksqC6Vbocqc0GtzCruZEzYgrn+iiGnNjsJsH4mrnIGex4qbLdWWNza3AW5W36ZRrlBID0eM6bdKH4OStQ==
  dependencies:
    prosemirror-state "^1.0.0"
    w3c-keyname "^2.2.0"

prosemirror-markdown@^1.13.0:
  version "1.13.0"
  resolved "https://registry.yarnpkg.com/prosemirror-markdown/-/prosemirror-markdown-1.13.0.tgz#67ebfa40af48a22d1e4ed6cad2e29851eb61e649"
  integrity sha512-UziddX3ZYSYibgx8042hfGKmukq5Aljp2qoBiJRejD/8MH70siQNz5RB1TrdTPheqLMy4aCe4GYNF10/3lQS5g==
  dependencies:
    markdown-it "^14.0.0"
    prosemirror-model "^1.20.0"

prosemirror-menu@^1.2.4:
  version "1.2.4"
  resolved "https://registry.yarnpkg.com/prosemirror-menu/-/prosemirror-menu-1.2.4.tgz#3cfdc7c06d10f9fbd1bce29082c498bd11a0a79a"
  integrity sha512-S/bXlc0ODQup6aiBbWVsX/eM+xJgCTAfMq/nLqaO5ID/am4wS0tTCIkzwytmao7ypEtjj39i7YbJjAgO20mIqA==
  dependencies:
    crelt "^1.0.0"
    prosemirror-commands "^1.0.0"
    prosemirror-history "^1.0.0"
    prosemirror-state "^1.0.0"

prosemirror-model@^1.0.0, prosemirror-model@^1.19.0, prosemirror-model@^1.20.0, prosemirror-model@^1.21.0, prosemirror-model@^1.22.2, prosemirror-model@^1.8.1:
  version "1.22.3"
  resolved "https://registry.yarnpkg.com/prosemirror-model/-/prosemirror-model-1.22.3.tgz#52fdf5897f348b0f07f64bea89156d90afdf645a"
  integrity sha512-V4XCysitErI+i0rKFILGt/xClnFJaohe/wrrlT2NSZ+zk8ggQfDH4x2wNK7Gm0Hp4CIoWizvXFP7L9KMaCuI0Q==
  dependencies:
    orderedmap "^2.0.0"

prosemirror-schema-basic@^1.2.3:
  version "1.2.3"
  resolved "https://registry.yarnpkg.com/prosemirror-schema-basic/-/prosemirror-schema-basic-1.2.3.tgz#649c349bb21c61a56febf9deb71ac68fca4cedf2"
  integrity sha512-h+H0OQwZVqMon1PNn0AG9cTfx513zgIG2DY00eJ00Yvgb3UD+GQ/VlWW5rcaxacpCGT1Yx8nuhwXk4+QbXUfJA==
  dependencies:
    prosemirror-model "^1.19.0"

prosemirror-schema-list@^1.4.1:
  version "1.4.1"
  resolved "https://registry.yarnpkg.com/prosemirror-schema-list/-/prosemirror-schema-list-1.4.1.tgz#78b8d25531db48ca9688836dbde50e13ac19a4a1"
  integrity sha512-jbDyaP/6AFfDfu70VzySsD75Om2t3sXTOdl5+31Wlxlg62td1haUpty/ybajSfJ1pkGadlOfwQq9kgW5IMo1Rg==
  dependencies:
    prosemirror-model "^1.0.0"
    prosemirror-state "^1.0.0"
    prosemirror-transform "^1.7.3"

prosemirror-state@^1.0.0, prosemirror-state@^1.2.2, prosemirror-state@^1.3.1, prosemirror-state@^1.4.3:
  version "1.4.3"
  resolved "https://registry.yarnpkg.com/prosemirror-state/-/prosemirror-state-1.4.3.tgz#94aecf3ffd54ec37e87aa7179d13508da181a080"
  integrity sha512-goFKORVbvPuAQaXhpbemJFRKJ2aixr+AZMGiquiqKxaucC6hlpHNZHWgz5R7dS4roHiwq9vDctE//CZ++o0W1Q==
  dependencies:
    prosemirror-model "^1.0.0"
    prosemirror-transform "^1.0.0"
    prosemirror-view "^1.27.0"

prosemirror-tables@^1.4.0:
  version "1.4.0"
  resolved "https://registry.yarnpkg.com/prosemirror-tables/-/prosemirror-tables-1.4.0.tgz#59c3dc241e03fc4ba8c093995b130d2980f0ffdc"
  integrity sha512-fxryZZkQG12fSCNuZDrYx6Xvo2rLYZTbKLRd8rglOPgNJGMKIS8uvTt6gGC38m7UCu/ENnXIP9pEz5uDaPc+cA==
  dependencies:
    prosemirror-keymap "^1.1.2"
    prosemirror-model "^1.8.1"
    prosemirror-state "^1.3.1"
    prosemirror-transform "^1.2.1"
    prosemirror-view "^1.13.3"

prosemirror-trailing-node@^2.0.9:
  version "2.0.9"
  resolved "https://registry.yarnpkg.com/prosemirror-trailing-node/-/prosemirror-trailing-node-2.0.9.tgz#a087e6d1372e888cd3e57c977507b6b85dc658e4"
  integrity sha512-YvyIn3/UaLFlFKrlJB6cObvUhmwFNZVhy1Q8OpW/avoTbD/Y7H5EcjK4AZFKhmuS6/N6WkGgt7gWtBWDnmFvHg==
  dependencies:
    "@remirror/core-constants" "^2.0.2"
    escape-string-regexp "^4.0.0"

prosemirror-transform@^1.0.0, prosemirror-transform@^1.1.0, prosemirror-transform@^1.2.1, prosemirror-transform@^1.7.3, prosemirror-transform@^1.9.0:
  version "1.10.0"
  resolved "https://registry.yarnpkg.com/prosemirror-transform/-/prosemirror-transform-1.10.0.tgz#2211ddcb13f12e4e530de97c077f82ab46177b0c"
  integrity sha512-9UOgFSgN6Gj2ekQH5CTDJ8Rp/fnKR2IkYfGdzzp5zQMFsS4zDllLVx/+jGcX86YlACpG7UR5fwAXiWzxqWtBTg==
  dependencies:
    prosemirror-model "^1.21.0"

prosemirror-view@^1.0.0, prosemirror-view@^1.1.0, prosemirror-view@^1.13.3, prosemirror-view@^1.27.0, prosemirror-view@^1.31.0, prosemirror-view@^1.33.9:
  version "1.33.10"
  resolved "https://registry.yarnpkg.com/prosemirror-view/-/prosemirror-view-1.33.10.tgz#45e300a2113998d24c5c7f017f978f183ec2982d"
  integrity sha512-wsKg9JeQkWlkXG8DDcloI/tbB9r3CysziubigoC8wTuE6zobN/9cl8bGRk1J1XjkUp7rxGBziOSxrhoILL84hg==
  dependencies:
    prosemirror-model "^1.20.0"
    prosemirror-state "^1.0.0"
    prosemirror-transform "^1.1.0"

punycode.js@^2.3.1:
  version "2.3.1"
  resolved "https://registry.yarnpkg.com/punycode.js/-/punycode.js-2.3.1.tgz#6b53e56ad75588234e79f4affa90972c7dd8cdb7"
  integrity sha512-uxFIHU0YlHYhDQtV4R9J6a52SLx28BCjT+4ieh7IGbgwVJWO+km431c4yRlREUAsAmt/uMjQUyQHNEPf0M39CA==

react-dom@^18.2.0:
  version "18.3.1"
  resolved "https://registry.yarnpkg.com/react-dom/-/react-dom-18.3.1.tgz#c2265d79511b57d479b3dd3fdfa51536494c5cb4"
  integrity sha512-5m4nQKp+rZRb09LNH59GM4BxTh9251/ylbKIbpe7TpGxfJ+9kv6BLkLBXIjjspbgbnIBNqlI23tRnTWT0snUIw==
  dependencies:
    loose-envify "^1.1.0"
    scheduler "^0.23.2"

react@^18.2.0:
  version "18.3.1"
  resolved "https://registry.yarnpkg.com/react/-/react-18.3.1.tgz#49ab892009c53933625bd16b2533fc754cab2891"
  integrity sha512-wS+hAgJShR0KhEvPJArfuPVN1+Hz1t0Y6n5jLrGQbkb4urgPE/0Rve+1kMB1v/oWgHgm4WIcV+i7F2pTVj+2iQ==
  dependencies:
    loose-envify "^1.1.0"

rope-sequence@^1.3.0:
  version "1.3.4"
  resolved "https://registry.yarnpkg.com/rope-sequence/-/rope-sequence-1.3.4.tgz#df85711aaecd32f1e756f76e43a415171235d425"
  integrity sha512-UT5EDe2cu2E/6O4igUr5PSFs23nvvukicWHx6GnOPlHAiiYbzNuCRQCuiUdHJQcqKalLKlrYJnjY0ySGsXNQXQ==

scheduler@^0.23.2:
  version "0.23.2"
  resolved "https://registry.yarnpkg.com/scheduler/-/scheduler-0.23.2.tgz#414ba64a3b282892e944cf2108ecc078d115cdc3"
  integrity sha512-UOShsPwz7NrMUqhR6t0hWjFduvOzbtv7toDH1/hIrfRNIDBnnBWd0CwJTGvTpngVlmwGCdP9/Zl/tVrDqcuYzQ==
  dependencies:
    loose-envify "^1.1.0"

swr@^2.2.5:
  version "2.3.3"
  resolved "https://registry.yarnpkg.com/swr/-/swr-2.3.3.tgz#9d6a703355f15f9099f45114db3ef75764444788"
  integrity sha512-dshNvs3ExOqtZ6kJBaAsabhPdHyeY4P2cKwRCniDVifBMoG/SVI7tfLWqPXriVspf2Rg4tPzXJTnwaihIeFw2A==
  dependencies:
    dequal "^2.0.3"
    use-sync-external-store "^1.4.0"

tippy.js@^6.3.7:
  version "6.3.7"
  resolved "https://registry.yarnpkg.com/tippy.js/-/tippy.js-6.3.7.tgz#8ccfb651d642010ed9a32ff29b0e9e19c5b8c61c"
  integrity sha512-E1d3oP2emgJ9dRQZdf3Kkn0qJgI6ZLpyS5z6ZkY1DF3kaQaBsGZsndEpHwx+eC+tYM41HaSNvNtLx8tU57FzTQ==
  dependencies:
    "@popperjs/core" "^2.9.0"

uc.micro@^2.0.0, uc.micro@^2.1.0:
  version "2.1.0"
  resolved "https://registry.yarnpkg.com/uc.micro/-/uc.micro-2.1.0.tgz#f8d3f7d0ec4c3dea35a7e3c8efa4cb8b45c9e7ee"
  integrity sha512-ARDJmphmdvUk6Glw7y9DQ2bFkKBHwQHLi2lsaH6PPmz/Ka9sFOBsBluozhDltWmnv9u/cF6Rt87znRTPV+yp/A==

use-sync-external-store@^1.2.2:
  version "1.2.2"
  resolved "https://registry.yarnpkg.com/use-sync-external-store/-/use-sync-external-store-1.2.2.tgz#c3b6390f3a30eba13200d2302dcdf1e7b57b2ef9"
  integrity sha512-PElTlVMwpblvbNqQ82d2n6RjStvdSoNe9FG28kNfz3WiXilJm4DdNkEzRhCZuIDwY8U08WVihhGR5iRqAwfDiw==

use-sync-external-store@^1.4.0:
  version "1.5.0"
  resolved "https://registry.yarnpkg.com/use-sync-external-store/-/use-sync-external-store-1.5.0.tgz#55122e2a3edd2a6c106174c27485e0fd59bcfca0"
  integrity sha512-Rb46I4cGGVBmjamjphe8L/UnvJD+uPPtTkNvX5mZgqdbavhI4EbgIWJiIHXJ8bc/i9EQGPRh4DwEURJ552Do0A==

w3c-keyname@^2.2.0:
  version "2.2.8"
  resolved "https://registry.yarnpkg.com/w3c-keyname/-/w3c-keyname-2.2.8.tgz#7b17c8c6883d4e8b86ac8aba79d39e880f8869c5"
  integrity sha512-dpojBhNsCNN7T82Tm7k26A6G9ML3NkhDsnw9n/eoxSRlVBB4CEtIQ/KTCLI2Fwf3ataSXRhYFkQi3SlnFwPvPQ==
